// !$*UTF8*$!
{
	archiveVersion = 1;
	classes = {
	};
	objectVersion = 77;
	objects = {

/* Begin PBXBuildFile section */
		B61D65692F40730E0024E69A /* ArgumentParser in Frameworks */ = {isa = PBXBuildFile; productRef = B61D65682F40730E0024E69A /* ArgumentParser */; };
		B61D656C2F4073400024E69A /* Transformers in Frameworks */ = {isa = PBXBuildFile; productRef = B61D656B2F4073400024E69A /* Transformers */; };
		B61D656F2F40739D0024E69A /* MLX in Frameworks */ = {isa = PBXBuildFile; productRef = B61D656E2F40739D0024E69A /* MLX */; };
		B61D65712F40739D0024E69A /* MLXOptimizers in Frameworks */ = {isa = PBXBuildFile; productRef = B61D65702F40739D0024E69A /* MLXOptimizers */; };
		B61D65732F4073F50024E69A /* MLXRandom in Frameworks */ = {isa = PBXBuildFile; productRef = B61D65722F4073F50024E69A /* MLXRandom */; };
		B61D65B42F4074920024E69A /* MLXEmbedders in Frameworks */ = {isa = PBXBuildFile; productRef = B61D65B32F4074920024E69A /* MLXEmbedders */; };
		B61D65B62F4074920024E69A /* MLXLLM in Frameworks */ = {isa = PBXBuildFile; productRef = B61D65B52F4074920024E69A /* MLXLLM */; };
		B61D65B82F4074920024E69A /* MLXLMCommon in Frameworks */ = {isa = PBXBuildFile; productRef = B61D65B72F4074920024E69A /* MLXLMCommon */; };
		B61D65BA2F4074920024E69A /* MLXVLM in Frameworks */ = {isa = PBXBuildFile; productRef = B61D65B92F4074920024E69A /* MLXVLM */; };
		B61D65BC2F4075D40024E69A /* MLXFast in Frameworks */ = {isa = PBXBuildFile; productRef = B61D65BB2F4075D40024E69A /* MLXFast */; };
		B61D65BD2F4076000024E69A /* HealthKit.framework in Frameworks */ = {isa = PBXBuildFile; fileRef = B61D65BE2F4076000024E69A /* HealthKit.framework */; };
		B630A40A2F41C3C1009C01AA /* LlamaSwift in Frameworks */ = {isa = PBXBuildFile; productRef = B630A4092F41C3C1009C01AA /* LlamaSwift */; };
		B637F5512F417314009D9660 /* FluidAudio in Frameworks */ = {isa = PBXBuildFile; productRef = B637F5502F417314009D9660 /* FluidAudio */; };
		B637F5532F417314009D9660 /* FluidAudioEspeak in Frameworks */ = {isa = PBXBuildFile; productRef = B637F5522F417314009D9660 /* FluidAudioEspeak */; };
		B637FAAC2F41846B009D9660 /* WidgetKit.framework in Frameworks */ = {isa = PBXBuildFile; fileRef = B637FAAB2F41846B009D9660 /* WidgetKit.framework */; };
		B637FAAE2F41846B009D9660 /* SwiftUI.framework in Frameworks */ = {isa = PBXBuildFile; fileRef = B637FAAD2F41846B009D9660 /* SwiftUI.framework */; };
		B637FABD2F41846C009D9660 /* VeraLiveActivityExtension.appex in Embed Foundation Extensions */ = {isa = PBXBuildFile; fileRef = B637FAAA2F41846B009D9660 /* VeraLiveActivityExtension.appex */; settings = {ATTRIBUTES = (RemoveHeadersOnCopy, ); }; };
/* End PBXBuildFile section */

/* Begin PBXContainerItemProxy section */
		B637FABB2F41846C009D9660 /* PBXContainerItemProxy */ = {
			isa = PBXContainerItemProxy;
			containerPortal = B643C5302F40651E009324F2 /* Project object */;
			proxyType = 1;
			remoteGlobalIDString = B637FAA92F41846B009D9660;
			remoteInfo = VeraLiveActivityExtension;
		};
/* End PBXContainerItemProxy section */

/* Begin PBXCopyFilesBuildPhase section */
		CA00000C2F50000000000002 /* Embed Foundation Extensions */ = {
			isa = PBXCopyFilesBuildPhase;
			buildActionMask = 2147483647;
			dstPath = "";
			dstSubfolderSpec = 13;
			files = (
				B637FABD2F41846C009D9660 /* VeraLiveActivityExtension.appex in Embed Foundation Extensions */,
			);
			name = "Embed Foundation Extensions";
			runOnlyForDeploymentPostprocessing = 0;
		};
/* End PBXCopyFilesBuildPhase section */

/* Begin PBXFileReference section */
		B61D65BE2F4076000024E69A /* HealthKit.framework */ = {isa = PBXFileReference; lastKnownFileType = wrapper.framework; path = HealthKit.framework; sourceTree = SDKROOT; };
		B637FAAA2F41846B009D9660 /* VeraLiveActivityExtension.appex */ = {isa = PBXFileReference; explicitFileType = "wrapper.app-extension"; includeInIndex = 0; path = VeraLiveActivityExtension.appex; sourceTree = BUILT_PRODUCTS_DIR; };
		B637FAAB2F41846B009D9660 /* WidgetKit.framework */ = {isa = PBXFileReference; lastKnownFileType = wrapper.framework; name = WidgetKit.framework; path = System/Library/Frameworks/WidgetKit.framework; sourceTree = SDKROOT; };
		B637FAAD2F41846B009D9660 /* SwiftUI.framework */ = {isa = PBXFileReference; lastKnownFileType = wrapper.framework; name = SwiftUI.framework; path = System/Library/Frameworks/SwiftUI.framework; sourceTree = SDKROOT; };
		B643C5382F40651E009324F2 /* CYT.app */ = {isa = PBXFileReference; explicitFileType = wrapper.application; includeInIndex = 0; path = CYT.app; sourceTree = BUILT_PRODUCTS_DIR; };
/* End PBXFileReference section */

/* Begin PBXFileSystemSynchronizedBuildFileExceptionSet section */
		B63701012F41883E009D9660 /* Exceptions for "CYT" folder in "CYT" target */ = {
			isa = PBXFileSystemSynchronizedBuildFileExceptionSet;
			membershipExceptions = (
				Info.plist,
			);
			target = B643C5372F40651E009324F2 /* CYT */;
		};
		B637FABE2F41846C009D9660 /* Exceptions for "VeraLiveActivity" folder in "VeraLiveActivityExtension" target */ = {
			isa = PBXFileSystemSynchronizedBuildFileExceptionSet;
			membershipExceptions = (
				Info.plist,
			);
			target = B637FAA92F41846B009D9660 /* VeraLiveActivityExtension */;
		};
/* End PBXFileSystemSynchronizedBuildFileExceptionSet section */

/* Begin PBXFileSystemSynchronizedRootGroup section */
		B637FAAF2F41846B009D9660 /* VeraLiveActivity */ = {
			isa = PBXFileSystemSynchronizedRootGroup;
			exceptions = (
				B637FABE2F41846C009D9660 /* Exceptions for "VeraLiveActivity" folder in "VeraLiveActivityExtension" target */,
			);
			path = VeraLiveActivity;
			sourceTree = "<group>";
		};
		B643C53A2F40651E009324F2 /* CYT */ = {
			isa = PBXFileSystemSynchronizedRootGroup;
			exceptions = (
				B63701012F41883E009D9660 /* Exceptions for "CYT" folder in "CYT" target */,
			);
			path = CYT;
			sourceTree = "<group>";
		};
/* End PBXFileSystemSynchronizedRootGroup section */

/* Begin PBXFrameworksBuildPhase section */
		B637FAA72F41846B009D9660 /* Frameworks */ = {
			isa = PBXFrameworksBuildPhase;
			buildActionMask = 2147483647;
			files = (
				B637FAAE2F41846B009D9660 /* SwiftUI.framework in Frameworks */,
				B637FAAC2F41846B009D9660 /* WidgetKit.framework in Frameworks */,
			);
			runOnlyForDeploymentPostprocessing = 0;
		};
		B643C5352F40651E009324F2 /* Frameworks */ = {
			isa = PBXFrameworksBuildPhase;
			buildActionMask = 2147483647;
			files = (
				B61D65BD2F4076000024E69A /* HealthKit.framework in Frameworks */,
				B61D65B62F4074920024E69A /* MLXLLM in Frameworks */,
				B61D65712F40739D0024E69A /* MLXOptimizers in Frameworks */,
				B61D656F2F40739D0024E69A /* MLX in Frameworks */,
				B637F5512F417314009D9660 /* FluidAudio in Frameworks */,
				B61D65B42F4074920024E69A /* MLXEmbedders in Frameworks */,
				B61D656C2F4073400024E69A /* Transformers in Frameworks */,
				B61D65BA2F4074920024E69A /* MLXVLM in Frameworks */,
				B630A40A2F41C3C1009C01AA /* LlamaSwift in Frameworks */,
				B61D65732F4073F50024E69A /* MLXRandom in Frameworks */,
				B61D65B82F4074920024E69A /* MLXLMCommon in Frameworks */,
				B61D65BC2F4075D40024E69A /* MLXFast in Frameworks */,
				B61D65692F40730E0024E69A /* ArgumentParser in Frameworks */,
				B637F5532F417314009D9660 /* FluidAudioEspeak in Frameworks */,
			);
			runOnlyForDeploymentPostprocessing = 0;
		};
/* End PBXFrameworksBuildPhase section */

/* Begin PBXGroup section */
		71D6557D2F41264400644D98 /* Recovered References */ = {
			isa = PBXGroup;
			children = (
				B61D65BE2F4076000024E69A /* HealthKit.framework */,
			);
			name = "Recovered References";
			sourceTree = "<group>";
		};
		B61D656D2F40739D0024E69A /* Frameworks */ = {
			isa = PBXGroup;
			children = (
				B637FAAB2F41846B009D9660 /* WidgetKit.framework */,
				B637FAAD2F41846B009D9660 /* SwiftUI.framework */,
			);
			name = Frameworks;
			sourceTree = "<group>";
		};
		B643C52F2F40651E009324F2 = {
			isa = PBXGroup;
			children = (
				B643C53A2F40651E009324F2 /* CYT */,
				B637FAAF2F41846B009D9660 /* VeraLiveActivity */,
				B61D656D2F40739D0024E69A /* Frameworks */,
				B643C5392F40651E009324F2 /* Products */,
				71D6557D2F41264400644D98 /* Recovered References */,
			);
			sourceTree = "<group>";
		};
		B643C5392F40651E009324F2 /* Products */ = {
			isa = PBXGroup;
			children = (
				B643C5382F40651E009324F2 /* CYT.app */,
				B637FAAA2F41846B009D9660 /* VeraLiveActivityExtension.appex */,
			);
			name = Products;
			sourceTree = "<group>";
		};
/* End PBXGroup section */

/* Begin PBXNativeTarget section */
		B637FAA92F41846B009D9660 /* VeraLiveActivityExtension */ = {
			isa = PBXNativeTarget;
			buildConfigurationList = B637FABF2F41846C009D9660 /* Build configuration list for PBXNativeTarget "VeraLiveActivityExtension" */;
			buildPhases = (
				B637FAA62F41846B009D9660 /* Sources */,
				B637FAA72F41846B009D9660 /* Frameworks */,
				B637FAA82F41846B009D9660 /* Resources */,
			);
			buildRules = (
			);
			dependencies = (
			);
			fileSystemSynchronizedGroups = (
				B637FAAF2F41846B009D9660 /* VeraLiveActivity */,
			);
			name = VeraLiveActivityExtension;
			packageProductDependencies = (
			);
			productName = VeraLiveActivityExtension;
			productReference = B637FAAA2F41846B009D9660 /* VeraLiveActivityExtension.appex */;
			productType = "com.apple.product-type.app-extension";
		};
		B643C5372F40651E009324F2 /* CYT */ = {
			isa = PBXNativeTarget;
			buildConfigurationList = B643C5432F40651F009324F2 /* Build configuration list for PBXNativeTarget "CYT" */;
			buildPhases = (
				B643C5342F40651E009324F2 /* Sources */,
				B643C5352F40651E009324F2 /* Frameworks */,
				B643C5362F40651E009324F2 /* Resources */,
				CA00000C2F50000000000002 /* Embed Foundation Extensions */,
			);
			buildRules = (
			);
			dependencies = (
				B637FABC2F41846C009D9660 /* PBXTargetDependency */,
			);
			fileSystemSynchronizedGroups = (
				B643C53A2F40651E009324F2 /* CYT */,
			);
			name = CYT;
			packageProductDependencies = (
				B61D65682F40730E0024E69A /* ArgumentParser */,
				B61D656B2F4073400024E69A /* Transformers */,
				B61D656E2F40739D0024E69A /* MLX */,
				B61D65702F40739D0024E69A /* MLXOptimizers */,
				B61D65722F4073F50024E69A /* MLXRandom */,
				B61D65B32F4074920024E69A /* MLXEmbedders */,
				B61D65B52F4074920024E69A /* MLXLLM */,
				B61D65B72F4074920024E69A /* MLXLMCommon */,
				B61D65B92F4074920024E69A /* MLXVLM */,
				B61D65BB2F4075D40024E69A /* MLXFast */,
				B637F5502F417314009D9660 /* FluidAudio */,
				B637F5522F417314009D9660 /* FluidAudioEspeak */,
				B630A4092F41C3C1009C01AA /* LlamaSwift */,
			);
			productName = CYT;
			productReference = B643C5382F40651E009324F2 /* CYT.app */;
			productType = "com.apple.product-type.application";
		};
/* End PBXNativeTarget section */

/* Begin PBXProject section */
		B643C5302F40651E009324F2 /* Project object */ = {
			isa = PBXProject;
			attributes = {
				BuildIndependentTargetsInParallel = 1;
				LastSwiftUpdateCheck = 2600;
				LastUpgradeCheck = 2600;
				TargetAttributes = {
					B637FAA92F41846B009D9660 = {
						CreatedOnToolsVersion = 26.0;
					};
					B643C5372F40651E009324F2 = {
						CreatedOnToolsVersion = 26.0;
					};
				};
			};
			buildConfigurationList = B643C5332F40651E009324F2 /* Build configuration list for PBXProject "CYT" */;
			developmentRegion = en;
			hasScannedForEncodings = 0;
			knownRegions = (
				en,
				Base,
			);
			mainGroup = B643C52F2F40651E009324F2;
			minimizedProjectReferenceProxies = 1;
			packageReferences = (
				B61D65652F4072E40024E69A /* XCRemoteSwiftPackageReference "mlx-swift" */,
				B61D65662F4072FF0024E69A /* XCRemoteSwiftPackageReference "swift-collections" */,
				B61D65672F40730E0024E69A /* XCRemoteSwiftPackageReference "swift-argument-parser" */,
				B61D656A2F4073400024E69A /* XCRemoteSwiftPackageReference "swift-transformers" */,
				B61D65B22F4074920024E69A /* XCRemoteSwiftPackageReference "mlx-swift-lm" */,
				B637F54F2F417314009D9660 /* XCRemoteSwiftPackageReference "FluidAudio" */,
				B630A4082F41C3C1009C01AA /* XCRemoteSwiftPackageReference "llama" */,
			);
			preferredProjectObjectVersion = 77;
			productRefGroup = B643C5392F40651E009324F2 /* Products */;
			projectDirPath = "";
			projectRoot = "";
			targets = (
				B643C5372F40651E009324F2 /* CYT */,
				B637FAA92F41846B009D9660 /* VeraLiveActivityExtension */,
			);
		};
/* End PBXProject section */

/* Begin PBXResourcesBuildPhase section */
		B637FAA82F41846B009D9660 /* Resources */ = {
			isa = PBXResourcesBuildPhase;
			buildActionMask = 2147483647;
			files = (
			);
			runOnlyForDeploymentPostprocessing = 0;
		};
		B643C5362F40651E009324F2 /* Resources */ = {
			isa = PBXResourcesBuildPhase;
			buildActionMask = 2147483647;
			files = (
			);
			runOnlyForDeploymentPostprocessing = 0;
		};
/* End PBXResourcesBuildPhase section */

/* Begin PBXSourcesBuildPhase section */
		B637FAA62F41846B009D9660 /* Sources */ = {
			isa = PBXSourcesBuildPhase;
			buildActionMask = 2147483647;
			files = (
			);
			runOnlyForDeploymentPostprocessing = 0;
		};
		B643C5342F40651E009324F2 /* Sources */ = {
			isa = PBXSourcesBuildPhase;
			buildActionMask = 2147483647;
			files = (
			);
			runOnlyForDeploymentPostprocessing = 0;
		};
/* End PBXSourcesBuildPhase section */

/* Begin PBXTargetDependency section */
		B637FABC2F41846C009D9660 /* PBXTargetDependency */ = {
			isa = PBXTargetDependency;
			target = B637FAA92F41846B009D9660 /* VeraLiveActivityExtension */;
			targetProxy = B637FABB2F41846C009D9660 /* PBXContainerItemProxy */;
		};
/* End PBXTargetDependency section */

/* Begin XCBuildConfiguration section */
		B637FAC02F41846C009D9660 /* Debug */ = {
			isa = XCBuildConfiguration;
			buildSettings = {
				ASSETCATALOG_COMPILER_GLOBAL_ACCENT_COLOR_NAME = AccentColor;
				ASSETCATALOG_COMPILER_WIDGET_BACKGROUND_COLOR_NAME = WidgetBackground;
				CODE_SIGN_STYLE = Automatic;
				CURRENT_PROJECT_VERSION = 1;
				DEVELOPMENT_TEAM = 5UJL58M7XY;
				GENERATE_INFOPLIST_FILE = YES;
				INFOPLIST_FILE = VeraLiveActivity/Info.plist;
				INFOPLIST_KEY_CFBundleDisplayName = VeraLiveActivity;
				INFOPLIST_KEY_NSHumanReadableCopyright = "";
				INFOPLIST_KEY_NSSupportsLiveActivities = YES;
				LD_RUNPATH_SEARCH_PATHS = (
					"$(inherited)",
					"@executable_path/Frameworks",
					"@executable_path/../../Frameworks",
				);
				MARKETING_VERSION = 1.0;
				PRODUCT_BUNDLE_IDENTIFIER = com.camysoftworks.dev.VERATH.VeraLiveActivity;
				PRODUCT_NAME = "$(TARGET_NAME)";
				SKIP_INSTALL = YES;
				STRING_CATALOG_GENERATE_SYMBOLS = YES;
				SWIFT_APPROACHABLE_CONCURRENCY = YES;
				SWIFT_EMIT_LOC_STRINGS = YES;
				SWIFT_UPCOMING_FEATURE_MEMBER_IMPORT_VISIBILITY = YES;
				SWIFT_VERSION = 5.0;
				TARGETED_DEVICE_FAMILY = "1,2";
			};
			name = Debug;
		};
		B637FAC12F41846C009D9660 /* Release */ = {
			isa = XCBuildConfiguration;
			buildSettings = {
				ASSETCATALOG_COMPILER_GLOBAL_ACCENT_COLOR_NAME = AccentColor;
				ASSETCATALOG_COMPILER_WIDGET_BACKGROUND_COLOR_NAME = WidgetBackground;
				CODE_SIGN_STYLE = Automatic;
				CURRENT_PROJECT_VERSION = 1;
				DEVELOPMENT_TEAM = 5UJL58M7XY;
				GENERATE_INFOPLIST_FILE = YES;
				INFOPLIST_FILE = VeraLiveActivity/Info.plist;
				INFOPLIST_KEY_CFBundleDisplayName = VeraLiveActivity;
				INFOPLIST_KEY_NSHumanReadableCopyright = "";
				INFOPLIST_KEY_NSSupportsLiveActivities = YES;
				LD_RUNPATH_SEARCH_PATHS = (
					"$(inherited)",
					"@executable_path/Frameworks",
					"@executable_path/../../Frameworks",
				);
				MARKETING_VERSION = 1.0;
				PRODUCT_BUNDLE_IDENTIFIER = com.camysoftworks.dev.VERATH.VeraLiveActivity;
				PRODUCT_NAME = "$(TARGET_NAME)";
				SKIP_INSTALL = YES;
				STRING_CATALOG_GENERATE_SYMBOLS = YES;
				SWIFT_APPROACHABLE_CONCURRENCY = YES;
				SWIFT_EMIT_LOC_STRINGS = YES;
				SWIFT_UPCOMING_FEATURE_MEMBER_IMPORT_VISIBILITY = YES;
				SWIFT_VERSION = 5.0;
				TARGETED_DEVICE_FAMILY = "1,2";
			};
			name = Release;
		};
		B643C5412F40651F009324F2 /* Debug */ = {
			isa = XCBuildConfiguration;
			buildSettings = {
				ALWAYS_SEARCH_USER_PATHS = NO;
				ASSETCATALOG_COMPILER_GENERATE_SWIFT_ASSET_SYMBOL_EXTENSIONS = YES;
				CLANG_ANALYZER_NONNULL = YES;
				CLANG_ANALYZER_NUMBER_OBJECT_CONVERSION = YES_AGGRESSIVE;
				CLANG_CXX_LANGUAGE_STANDARD = "gnu++20";
				CLANG_ENABLE_MODULES = YES;
				CLANG_ENABLE_OBJC_ARC = YES;
				CLANG_ENABLE_OBJC_WEAK = YES;
				CLANG_WARN_BLOCK_CAPTURE_AUTORELEASING = YES;
				CLANG_WARN_BOOL_CONVERSION = YES;
				CLANG_WARN_COMMA = YES;
				CLANG_WARN_CONSTANT_CONVERSION = YES;
				CLANG_WARN_DEPRECATED_OBJC_IMPLEMENTATIONS = YES;
				CLANG_WARN_DIRECT_OBJC_ISA_USAGE = YES_ERROR;
				CLANG_WARN_DOCUMENTATION_COMMENTS = YES;
				CLANG_WARN_EMPTY_BODY = YES;
				CLANG_WARN_ENUM_CONVERSION = YES;
				CLANG_WARN_INFINITE_RECURSION = YES;
				CLANG_WARN_INT_CONVERSION = YES;
				CLANG_WARN_NON_LITERAL_NULL_CONVERSION = YES;
				CLANG_WARN_OBJC_IMPLICIT_RETAIN_SELF = YES;
				CLANG_WARN_OBJC_LITERAL_CONVERSION = YES;
				CLANG_WARN_OBJC_ROOT_CLASS = YES_ERROR;
				CLANG_WARN_QUOTED_INCLUDE_IN_FRAMEWORK_HEADER = YES;
				CLANG_WARN_RANGE_LOOP_ANALYSIS = YES;
				CLANG_WARN_STRICT_PROTOTYPES = YES;
				CLANG_WARN_SUSPICIOUS_MOVE = YES;
				CLANG_WARN_UNGUARDED_AVAILABILITY = YES_AGGRESSIVE;
				CLANG_WARN_UNREACHABLE_CODE = YES;
				CLANG_WARN__DUPLICATE_METHOD_MATCH = YES;
				COPY_PHASE_STRIP = NO;
				DEBUG_INFORMATION_FORMAT = dwarf;
				DEVELOPMENT_TEAM = 5UJL58M7XY;
				ENABLE_STRICT_OBJC_MSGSEND = YES;
				ENABLE_TESTABILITY = YES;
				ENABLE_USER_SCRIPT_SANDBOXING = YES;
				GCC_C_LANGUAGE_STANDARD = gnu17;
				GCC_DYNAMIC_NO_PIC = NO;
				GCC_NO_COMMON_BLOCKS = YES;
				GCC_OPTIMIZATION_LEVEL = 0;
				GCC_PREPROCESSOR_DEFINITIONS = (
					"DEBUG=1",
					"$(inherited)",
				);
				GCC_WARN_64_TO_32_BIT_CONVERSION = YES;
				GCC_WARN_ABOUT_RETURN_TYPE = YES_ERROR;
				GCC_WARN_UNDECLARED_SELECTOR = YES;
				GCC_WARN_UNINITIALIZED_AUTOS = YES_AGGRESSIVE;
				GCC_WARN_UNUSED_FUNCTION = YES;
				GCC_WARN_UNUSED_VARIABLE = YES;
				IPHONEOS_DEPLOYMENT_TARGET = 26.0;
				LOCALIZATION_PREFERS_STRING_CATALOGS = YES;
				MTL_ENABLE_DEBUG_INFO = INCLUDE_SOURCE;
				MTL_FAST_MATH = YES;
				ONLY_ACTIVE_ARCH = YES;
				SDKROOT = iphoneos;
				SWIFT_ACTIVE_COMPILATION_CONDITIONS = "DEBUG $(inherited)";
				SWIFT_OPTIMIZATION_LEVEL = "-Onone";
			};
			name = Debug;
		};
		B643C5422F40651F009324F2 /* Release */ = {
			isa = XCBuildConfiguration;
			buildSettings = {
				ALWAYS_SEARCH_USER_PATHS = NO;
				ASSETCATALOG_COMPILER_GENERATE_SWIFT_ASSET_SYMBOL_EXTENSIONS = YES;
				CLANG_ANALYZER_NONNULL = YES;
				CLANG_ANALYZER_NUMBER_OBJECT_CONVERSION = YES_AGGRESSIVE;
				CLANG_CXX_LANGUAGE_STANDARD = "gnu++20";
				CLANG_ENABLE_MODULES = YES;
				CLANG_ENABLE_OBJC_ARC = YES;
				CLANG_ENABLE_OBJC_WEAK = YES;
				CLANG_WARN_BLOCK_CAPTURE_AUTORELEASING = YES;
				CLANG_WARN_BOOL_CONVERSION = YES;
				CLANG_WARN_COMMA = YES;
				CLANG_WARN_CONSTANT_CONVERSION = YES;
				CLANG_WARN_DEPRECATED_OBJC_IMPLEMENTATIONS = YES;
				CLANG_WARN_DIRECT_OBJC_ISA_USAGE = YES_ERROR;
				CLANG_WARN_DOCUMENTATION_COMMENTS = YES;
				CLANG_WARN_EMPTY_BODY = YES;
				CLANG_WARN_ENUM_CONVERSION = YES;
				CLANG_WARN_INFINITE_RECURSION = YES;
				CLANG_WARN_INT_CONVERSION = YES;
				CLANG_WARN_NON_LITERAL_NULL_CONVERSION = YES;
				CLANG_WARN_OBJC_IMPLICIT_RETAIN_SELF = YES;
				CLANG_WARN_OBJC_LITERAL_CONVERSION = YES;
				CLANG_WARN_OBJC_ROOT_CLASS = YES_ERROR;
				CLANG_WARN_QUOTED_INCLUDE_IN_FRAMEWORK_HEADER = YES;
				CLANG_WARN_RANGE_LOOP_ANALYSIS = YES;
				CLANG_WARN_STRICT_PROTOTYPES = YES;
				CLANG_WARN_SUSPICIOUS_MOVE = YES;
				CLANG_WARN_UNGUARDED_AVAILABILITY = YES_AGGRESSIVE;
				CLANG_WARN_UNREACHABLE_CODE = YES;
				CLANG_WARN__DUPLICATE_METHOD_MATCH = YES;
				COPY_PHASE_STRIP = NO;
				DEBUG_INFORMATION_FORMAT = "dwarf-with-dsym";
				DEVELOPMENT_TEAM = 5UJL58M7XY;
				ENABLE_NS_ASSERTIONS = NO;
				ENABLE_STRICT_OBJC_MSGSEND = YES;
				ENABLE_USER_SCRIPT_SANDBOXING = YES;
				GCC_C_LANGUAGE_STANDARD = gnu17;
				GCC_NO_COMMON_BLOCKS = YES;
				GCC_WARN_64_TO_32_BIT_CONVERSION = YES;
				GCC_WARN_ABOUT_RETURN_TYPE = YES_ERROR;
				GCC_WARN_UNDECLARED_SELECTOR = YES;
				GCC_WARN_UNINITIALIZED_AUTOS = YES_AGGRESSIVE;
				GCC_WARN_UNUSED_FUNCTION = YES;
				GCC_WARN_UNUSED_VARIABLE = YES;
				IPHONEOS_DEPLOYMENT_TARGET = 26.0;
				LOCALIZATION_PREFERS_STRING_CATALOGS = YES;
				MTL_ENABLE_DEBUG_INFO = NO;
				MTL_FAST_MATH = YES;
				SDKROOT = iphoneos;
				SWIFT_COMPILATION_MODE = wholemodule;
				VALIDATE_PRODUCT = YES;
			};
			name = Release;
		};
		B643C5442F40651F009324F2 /* Debug */ = {
			isa = XCBuildConfiguration;
			buildSettings = {
				ASSETCATALOG_COMPILER_APPICON_NAME = AppIcon;
				ASSETCATALOG_COMPILER_GLOBAL_ACCENT_COLOR_NAME = AccentColor;
				CODE_SIGN_ENTITLEMENTS = CYT/CYT.entitlements;
				CODE_SIGN_STYLE = Automatic;
				CURRENT_PROJECT_VERSION = 1;
				DEVELOPMENT_TEAM = 5UJL58M7XY;
				ENABLE_PREVIEWS = YES;
				GENERATE_INFOPLIST_FILE = YES;
				INFOPLIST_FILE = CYT/Info.plist;
				INFOPLIST_KEY_CFBundleDisplayName = Vera;
				INFOPLIST_KEY_NSCameraUsageDescription = "Computer Vision requires Camera Access";
				INFOPLIST_KEY_NSHealthClinicalHealthRecordsShareUsageDescription = "To provide personalized insights based on your health trends from Apple Watch.";
				INFOPLIST_KEY_NSHealthShareUsageDescription = "To provide personalized insights based on your heart rate from Apple Watch.";
				INFOPLIST_KEY_NSHealthUpdateUsageDescription = "To provide personalized insights based on new health trends from Apple Watch.";
				INFOPLIST_KEY_NSMicrophoneUsageDescription = "Vera needs your microphone to listen and respond to you.";
				INFOPLIST_KEY_NSSpeechRecognitionUsageDescription = "On-device speech recognition powers voice conversations with Vera.";
				INFOPLIST_KEY_NSSupportsLiveActivities = YES;
				INFOPLIST_KEY_UIApplicationSceneManifest_Generation = YES;
				INFOPLIST_KEY_UIApplicationSupportsIndirectInputEvents = YES;
				INFOPLIST_KEY_UILaunchScreen_Generation = YES;
				INFOPLIST_KEY_UISupportedInterfaceOrientations_iPad = "UIInterfaceOrientationPortrait UIInterfaceOrientationPortraitUpsideDown UIInterfaceOrientationLandscapeLeft UIInterfaceOrientationLandscapeRight";
				INFOPLIST_KEY_UISupportedInterfaceOrientations_iPhone = "UIInterfaceOrientationPortrait UIInterfaceOrientationLandscapeLeft UIInterfaceOrientationLandscapeRight";
				IPHONEOS_DEPLOYMENT_TARGET = 26.0;
				LD_RUNPATH_SEARCH_PATHS = (
					"$(inherited)",
					"@executable_path/Frameworks",
				);
				MARKETING_VERSION = 1.0;
				PRODUCT_BUNDLE_IDENTIFIER = com.camysoftworks.dev.VERATH;
				PRODUCT_NAME = "$(TARGET_NAME)";
				STRING_CATALOG_GENERATE_SYMBOLS = YES;
				SWIFT_APPROACHABLE_CONCURRENCY = YES;
				SWIFT_DEFAULT_ACTOR_ISOLATION = MainActor;
				SWIFT_EMIT_LOC_STRINGS = YES;
				SWIFT_UPCOMING_FEATURE_MEMBER_IMPORT_VISIBILITY = YES;
				SWIFT_VERSION = 5.0;
				TARGETED_DEVICE_FAMILY = "1,2";
			};
			name = Debug;
		};
		B643C5452F40651F009324F2 /* Release */ = {
			isa = XCBuildConfiguration;
			buildSettings = {
				ASSETCATALOG_COMPILER_APPICON_NAME = AppIcon;
				ASSETCATALOG_COMPILER_GLOBAL_ACCENT_COLOR_NAME = AccentColor;
				CODE_SIGN_ENTITLEMENTS = CYT/CYT.entitlements;
				CODE_SIGN_STYLE = Automatic;
				CURRENT_PROJECT_VERSION = 1;
				DEVELOPMENT_TEAM = 5UJL58M7XY;
				ENABLE_PREVIEWS = YES;
				GENERATE_INFOPLIST_FILE = YES;
				INFOPLIST_FILE = CYT/Info.plist;
				INFOPLIST_KEY_CFBundleDisplayName = Vera;
				INFOPLIST_KEY_NSCameraUsageDescription = "Computer Vision requires Camera Access";
				INFOPLIST_KEY_NSHealthClinicalHealthRecordsShareUsageDescription = "To provide personalized insights based on your health trends from Apple Watch.";
				INFOPLIST_KEY_NSHealthShareUsageDescription = "To provide personalized insights based on your heart rate from Apple Watch.";
				INFOPLIST_KEY_NSHealthUpdateUsageDescription = "To provide personalized insights based on new health trends from Apple Watch.";
				INFOPLIST_KEY_NSMicrophoneUsageDescription = "Vera needs your microphone to listen and respond to you.";
				INFOPLIST_KEY_NSSpeechRecognitionUsageDescription = "On-device speech recognition powers voice conversations with Vera.";
				INFOPLIST_KEY_NSSupportsLiveActivities = YES;
				INFOPLIST_KEY_UIApplicationSceneManifest_Generation = YES;
				INFOPLIST_KEY_UIApplicationSupportsIndirectInputEvents = YES;
				INFOPLIST_KEY_UILaunchScreen_Generation = YES;
				INFOPLIST_KEY_UISupportedInterfaceOrientations_iPad = "UIInterfaceOrientationPortrait UIInterfaceOrientationPortraitUpsideDown UIInterfaceOrientationLandscapeLeft UIInterfaceOrientationLandscapeRight";
				INFOPLIST_KEY_UISupportedInterfaceOrientations_iPhone = "UIInterfaceOrientationPortrait UIInterfaceOrientationLandscapeLeft UIInterfaceOrientationLandscapeRight";
				IPHONEOS_DEPLOYMENT_TARGET = 26.0;
				LD_RUNPATH_SEARCH_PATHS = (
					"$(inherited)",
					"@executable_path/Frameworks",
				);
				MARKETING_VERSION = 1.0;
				PRODUCT_BUNDLE_IDENTIFIER = com.camysoftworks.dev.VERATH;
				PRODUCT_NAME = "$(TARGET_NAME)";
				STRING_CATALOG_GENERATE_SYMBOLS = YES;
				SWIFT_APPROACHABLE_CONCURRENCY = YES;
				SWIFT_DEFAULT_ACTOR_ISOLATION = MainActor;
				SWIFT_EMIT_LOC_STRINGS = YES;
				SWIFT_UPCOMING_FEATURE_MEMBER_IMPORT_VISIBILITY = YES;
				SWIFT_VERSION = 5.0;
				TARGETED_DEVICE_FAMILY = "1,2";
			};
			name = Release;
		};
/* End XCBuildConfiguration section */

/* Begin XCConfigurationList section */
		B637FABF2F41846C009D9660 /* Build configuration list for PBXNativeTarget "VeraLiveActivityExtension" */ = {
			isa = XCConfigurationList;
			buildConfigurations = (
				B637FAC02F41846C009D9660 /* Debug */,
				B637FAC12F41846C009D9660 /* Release */,
			);
			defaultConfigurationIsVisible = 0;
			defaultConfigurationName = Release;
		};
		B643C5332F40651E009324F2 /* Build configuration list for PBXProject "CYT" */ = {
			isa = XCConfigurationList;
			buildConfigurations = (
				B643C5412F40651F009324F2 /* Debug */,
				B643C5422F40651F009324F2 /* Release */,
			);
			defaultConfigurationIsVisible = 0;
			defaultConfigurationName = Release;
		};
		B643C5432F40651F009324F2 /* Build configuration list for PBXNativeTarget "CYT" */ = {
			isa = XCConfigurationList;
			buildConfigurations = (
				B643C5442F40651F009324F2 /* Debug */,
				B643C5452F40651F009324F2 /* Release */,
			);
			defaultConfigurationIsVisible = 0;
			defaultConfigurationName = Release;
		};
/* End XCConfigurationList section */

/* Begin XCRemoteSwiftPackageReference section */
		B61D65652F4072E40024E69A /* XCRemoteSwiftPackageReference "mlx-swift" */ = {
			isa = XCRemoteSwiftPackageReference;
			repositoryURL = "https://github.com/ml-explore/mlx-swift.git";
			requirement = {
				kind = upToNextMajorVersion;
				minimumVersion = 0.25.6;
			};
		};
		B61D65662F4072FF0024E69A /* XCRemoteSwiftPackageReference "swift-collections" */ = {
			isa = XCRemoteSwiftPackageReference;
			repositoryURL = "https://github.com/apple/swift-collections.git";
			requirement = {
				kind = upToNextMajorVersion;
				minimumVersion = 1.3.0;
			};
		};
		B61D65672F40730E0024E69A /* XCRemoteSwiftPackageReference "swift-argument-parser" */ = {
			isa = XCRemoteSwiftPackageReference;
			repositoryURL = "https://github.com/apple/swift-argument-parser.git";
			requirement = {
				kind = upToNextMajorVersion;
				minimumVersion = 1.7.0;
			};
		};
		B61D656A2F4073400024E69A /* XCRemoteSwiftPackageReference "swift-transformers" */ = {
			isa = XCRemoteSwiftPackageReference;
			repositoryURL = "https://github.com/huggingface/swift-transformers";
			requirement = {
				kind = upToNextMajorVersion;
				minimumVersion = 1.1.6;
			};
		};
		B61D65B22F4074920024E69A /* XCRemoteSwiftPackageReference "mlx-swift-lm" */ = {
			isa = XCRemoteSwiftPackageReference;
			repositoryURL = "https://github.com/ml-explore/mlx-swift-lm/";
			requirement = {
				kind = upToNextMajorVersion;
				minimumVersion = 2.30.3;
			};
		};
		B630A4082F41C3C1009C01AA /* XCRemoteSwiftPackageReference "llama" */ = {
			isa = XCRemoteSwiftPackageReference;
			repositoryURL = "https://github.com/mattt/llama.swift";
			requirement = {
				kind = upToNextMajorVersion;
				minimumVersion = 2.8056.0;
			};
		};
		B637F54F2F417314009D9660 /* XCRemoteSwiftPackageReference "FluidAudio" */ = {
			isa = XCRemoteSwiftPackageReference;
			repositoryURL = "https://github.com/FluidInference/FluidAudio";
			requirement = {
				branch = main;
				kind = branch;
			};
		};
/* End XCRemoteSwiftPackageReference section */

/* Begin XCSwiftPackageProductDependency section */
		B61D65682F40730E0024E69A /* ArgumentParser */ = {
			isa = XCSwiftPackageProductDependency;
			package = B61D65672F40730E0024E69A /* XCRemoteSwiftPackageReference "swift-argument-parser" */;
			productName = ArgumentParser;
		};
		B61D656B2F4073400024E69A /* Transformers */ = {
			isa = XCSwiftPackageProductDependency;
			package = B61D656A2F4073400024E69A /* XCRemoteSwiftPackageReference "swift-transformers" */;
			productName = Transformers;
		};
		B61D656E2F40739D0024E69A /* MLX */ = {
			isa = XCSwiftPackageProductDependency;
			package = B61D65652F4072E40024E69A /* XCRemoteSwiftPackageReference "mlx-swift" */;
			productName = MLX;
		};
		B61D65702F40739D0024E69A /* MLXOptimizers */ = {
			isa = XCSwiftPackageProductDependency;
			package = B61D65652F4072E40024E69A /* XCRemoteSwiftPackageReference "mlx-swift" */;
			productName = MLXOptimizers;
		};
		B61D65722F4073F50024E69A /* MLXRandom */ = {
			isa = XCSwiftPackageProductDependency;
			package = B61D65652F4072E40024E69A /* XCRemoteSwiftPackageReference "mlx-swift" */;
			productName = MLXRandom;
		};
		B61D65B32F4074920024E69A /* MLXEmbedders */ = {
			isa = XCSwiftPackageProductDependency;
			package = B61D65B22F4074920024E69A /* XCRemoteSwiftPackageReference "mlx-swift-lm" */;
			productName = MLXEmbedders;
		};
		B61D65B52F4074920024E69A /* MLXLLM */ = {
			isa = XCSwiftPackageProductDependency;
			package = B61D65B22F4074920024E69A /* XCRemoteSwiftPackageReference "mlx-swift-lm" */;
			productName = MLXLLM;
		};
		B61D65B72F4074920024E69A /* MLXLMCommon */ = {
			isa = XCSwiftPackageProductDependency;
			package = B61D65B22F4074920024E69A /* XCRemoteSwiftPackageReference "mlx-swift-lm" */;
			productName = MLXLMCommon;
		};
		B61D65B92F4074920024E69A /* MLXVLM */ = {
			isa = XCSwiftPackageProductDependency;
			package = B61D65B22F4074920024E69A /* XCRemoteSwiftPackageReference "mlx-swift-lm" */;
			productName = MLXVLM;
		};
		B61D65BB2F4075D40024E69A /* MLXFast */ = {
			isa = XCSwiftPackageProductDependency;
			package = B61D65652F4072E40024E69A /* XCRemoteSwiftPackageReference "mlx-swift" */;
			productName = MLXFast;
		};
		B630A4092F41C3C1009C01AA /* LlamaSwift */ = {
			isa = XCSwiftPackageProductDependency;
			package = B630A4082F41C3C1009C01AA /* XCRemoteSwiftPackageReference "llama" */;
			productName = LlamaSwift;
		};
		B637F5502F417314009D9660 /* FluidAudio */ = {
			isa = XCSwiftPackageProductDependency;
			package = B637F54F2F417314009D9660 /* XCRemoteSwiftPackageReference "FluidAudio" */;
			productName = FluidAudio;
		};
		B637F5522F417314009D9660 /* FluidAudioEspeak */ = {
			isa = XCSwiftPackageProductDependency;
			package = B637F54F2F417314009D9660 /* XCRemoteSwiftPackageReference "FluidAudio" */;
			productName = FluidAudioEspeak;
		};
/* End XCSwiftPackageProductDependency section */
	};
	rootObject = B643C5302F40651E009324F2 /* Project object */;
}
