// !$*UTF8*$!
{
	archiveVersion = 1;
	classes = {
	};
	objectVersion = 77;
	objects = {

/* Begin PBXBuildFile section */
		B61D65692F40730E0024E69A /* ArgumentParser in Frameworks */ = {isa = PBXBuildFile; productRef = B61D65682F40730E0024E69A /* ArgumentParser */; };
		B61D656C2F4073400024E69A /* Transformers in Frameworks */ = {isa = PBXBuildFile; productRef = B61D656B2F4073400024E69A /* Transformers */; };
		B61D656F2F40739D0024E69A /* MLX in Frameworks */ = {isa = PBXBuildFile; productRef = B61D656E2F40739D0024E69A /* MLX */; };
		B61D65712F40739D0024E69A /* MLXOptimizers in Frameworks */ = {isa = PBXBuildFile; productRef = B61D65702F40739D0024E69A /* MLXOptimizers */; };
		B61D65732F4073F50024E69A /* MLXRandom in Frameworks */ = {isa = PBXBuildFile; productRef = B61D65722F4073F50024E69A /* MLXRandom */; };
		B61D65B42F4074920024E69A /* MLXEmbedders in Frameworks */ = {isa = PBXBuildFile; productRef = B61D65B32F4074920024E69A /* MLXEmbedders */; };
		B61D65B62F4074920024E69A /* MLXLLM in Frameworks */ = {isa = PBXBuildFile; productRef = B61D65B52F4074920024E69A /* MLXLLM */; };
		B61D65B82F4074920024E69A /* MLXLMCommon in Frameworks */ = {isa = PBXBuildFile; productRef = B61D65B72F4074920024E69A /* MLXLMCommon */; };
		B61D65BA2F4074920024E69A /* MLXVLM in Frameworks */ = {isa = PBXBuildFile; productRef = B61D65B92F4074920024E69A /* MLXVLM */; };
		B61D65BC2F4075D40024E69A /* MLXFast in Frameworks */ = {isa = PBXBuildFile; productRef = B61D65BB2F4075D40024E69A /* MLXFast */; };
		B61D65BD2F4076000024E69A /* HealthKit.framework in Frameworks */ = {isa = PBXBuildFile; fileRef = B61D65BE2F4076000024E69A /* HealthKit.framework */; };
		B637F5512F417314009D9660 /* FluidAudio in Frameworks */ = {isa = PBXBuildFile; productRef = B637F5502F417314009D9660 /* FluidAudio */; };
		B637F5532F417314009D9660 /* FluidAudioEspeak in Frameworks */ = {isa = PBXBuildFile; productRef = B637F5522F417314009D9660 /* FluidAudioEspeak */; };
/* End PBXBuildFile section */

/* Begin PBXFileReference section */
		B61D65BE2F4076000024E69A /* HealthKit.framework */ = {isa = PBXFileReference; lastKnownFileType = wrapper.framework; path = HealthKit.framework; sourceTree = SDKROOT; };
		B643C5382F40651E009324F2 /* CYT.app */ = {isa = PBXFileReference; explicitFileType = wrapper.application; includeInIndex = 0; path = CYT.app; sourceTree = BUILT_PRODUCTS_DIR; };
/* End PBXFileReference section */

/* Begin PBXFileSystemSynchronizedRootGroup section */
		B61D65742F40740E0024E69A /* FastVLMModel */ = {
			isa = PBXFileSystemSynchronizedRootGroup;
			path = FastVLMModel;
			sourceTree = "<group>";
		};
		B643C53A2F40651E009324F2 /* CYT */ = {
			isa = PBXFileSystemSynchronizedRootGroup;
			path = CYT;
			sourceTree = "<group>";
		};
/* End PBXFileSystemSynchronizedRootGroup section */

/* Begin PBXFrameworksBuildPhase section */
		B643C5352F40651E009324F2 /* Frameworks */ = {
			isa = PBXFrameworksBuildPhase;
			buildActionMask = 2147483647;
			files = (
				B61D65BD2F4076000024E69A /* HealthKit.framework in Frameworks */,
				B61D65B62F4074920024E69A /* MLXLLM in Frameworks */,
				B61D65712F40739D0024E69A /* MLXOptimizers in Frameworks */,
				B61D656F2F40739D0024E69A /* MLX in Frameworks */,
				B637F5512F417314009D9660 /* FluidAudio in Frameworks */,
				B61D65B42F4074920024E69A /* MLXEmbedders in Frameworks */,
				B61D656C2F4073400024E69A /* Transformers in Frameworks */,
				B61D65BA2F4074920024E69A /* MLXVLM in Frameworks */,
				B61D65732F4073F50024E69A /* MLXRandom in Frameworks */,
				B61D65B82F4074920024E69A /* MLXLMCommon in Frameworks */,
				B61D65BC2F4075D40024E69A /* MLXFast in Frameworks */,
				B61D65692F40730E0024E69A /* ArgumentParser in Frameworks */,
				B637F5532F417314009D9660 /* FluidAudioEspeak in Frameworks */,
			);
			runOnlyForDeploymentPostprocessing = 0;
		};
/* End PBXFrameworksBuildPhase section */

/* Begin PBXGroup section */
		71D6557D2F41264400644D98 /* Recovered References */ = {
			isa = PBXGroup;
			children = (
				B61D65BE2F4076000024E69A /* HealthKit.framework */,
			);
			name = "Recovered References";
			sourceTree = "<group>";
		};
		B61D656D2F40739D0024E69A /* Frameworks */ = {
			isa = PBXGroup;
			children = (
			);
			name = Frameworks;
			sourceTree = "<group>";
		};
		B643C52F2F40651E009324F2 = {
			isa = PBXGroup;
			children = (
				B61D65742F40740E0024E69A /* FastVLMModel */,
				B643C53A2F40651E009324F2 /* CYT */,
				B61D656D2F40739D0024E69A /* Frameworks */,
				B643C5392F40651E009324F2 /* Products */,
				71D6557D2F41264400644D98 /* Recovered References */,
			);
			sourceTree = "<group>";
		};
		B643C5392F40651E009324F2 /* Products */ = {
			isa = PBXGroup;
			children = (
				B643C5382F40651E009324F2 /* CYT.app */,
			);
			name = Products;
			sourceTree = "<group>";
		};
/* End PBXGroup section */

/* Begin PBXNativeTarget section */
		B643C5372F40651E009324F2 /* CYT */ = {
			isa = PBXNativeTarget;
			buildConfigurationList = B643C5432F40651F009324F2 /* Build configuration list for PBXNativeTarget "CYT" */;
			buildPhases = (
				B643C5342F40651E009324F2 /* Sources */,
				B643C5352F40651E009324F2 /* Frameworks */,
				B643C5362F40651E009324F2 /* Resources */,
			);
			buildRules = (
			);
			dependencies = (
			);
			fileSystemSynchronizedGroups = (
				B61D65742F40740E0024E69A /* FastVLMModel */,
				B643C53A2F40651E009324F2 /* CYT */,
			);
			name = CYT;
			packageProductDependencies = (
				B61D65682F40730E0024E69A /* ArgumentParser */,
				B61D656B2F4073400024E69A /* Transformers */,
				B61D656E2F40739D0024E69A /* MLX */,
				B61D65702F40739D0024E69A /* MLXOptimizers */,
				B61D65722F4073F50024E69A /* MLXRandom */,
				B61D65B32F4074920024E69A /* MLXEmbedders */,
				B61D65B52F4074920024E69A /* MLXLLM */,
				B61D65B72F4074920024E69A /* MLXLMCommon */,
				B61D65B92F4074920024E69A /* MLXVLM */,
				B61D65BB2F4075D40024E69A /* MLXFast */,
				B637F5502F417314009D9660 /* FluidAudio */,
				B637F5522F417314009D9660 /* FluidAudioEspeak */,
			);
			productName = CYT;
			productReference = B643C5382F40651E009324F2 /* CYT.app */;
			productType = "com.apple.product-type.application";
		};
/* End PBXNativeTarget section */

/* Begin PBXProject section */
		B643C5302F40651E009324F2 /* Project object */ = {
			isa = PBXProject;
			attributes = {
				BuildIndependentTargetsInParallel = 1;
				LastSwiftUpdateCheck = 2600;
				LastUpgradeCheck = 2600;
				TargetAttributes = {
					B643C5372F40651E009324F2 = {
						CreatedOnToolsVersion = 26.0;
					};
				};
			};
			buildConfigurationList = B643C5332F40651E009324F2 /* Build configuration list for PBXProject "CYT" */;
			developmentRegion = en;
			hasScannedForEncodings = 0;
			knownRegions = (
				en,
				Base,
			);
			mainGroup = B643C52F2F40651E009324F2;
			minimizedProjectReferenceProxies = 1;
			packageReferences = (
				B61D65652F4072E40024E69A /* XCRemoteSwiftPackageReference "mlx-swift" */,
				B61D65662F4072FF0024E69A /* XCRemoteSwiftPackageReference "swift-collections" */,
				B61D65672F40730E0024E69A /* XCRemoteSwiftPackageReference "swift-argument-parser" */,
				B61D656A2F4073400024E69A /* XCRemoteSwiftPackageReference "swift-transformers" */,
				B61D65B22F4074920024E69A /* XCRemoteSwiftPackageReference "mlx-swift-lm" */,
				B637F54F2F417314009D9660 /* XCRemoteSwiftPackageReference "FluidAudio" */,
			);
			preferredProjectObjectVersion = 77;
			productRefGroup = B643C5392F40651E009324F2 /* Products */;
			projectDirPath = "";
			projectRoot = "";
			targets = (
				B643C5372F40651E009324F2 /* CYT */,
			);
		};
/* End PBXProject section */

/* Begin PBXResourcesBuildPhase section */
		B643C5362F40651E009324F2 /* Resources */ = {
			isa = PBXResourcesBuildPhase;
			buildActionMask = 2147483647;
			files = (
			);
			runOnlyForDeploymentPostprocessing = 0;
		};
/* End PBXResourcesBuildPhase section */

/* Begin PBXSourcesBuildPhase section */
		B643C5342F40651E009324F2 /* Sources */ = {
			isa = PBXSourcesBuildPhase;
			buildActionMask = 2147483647;
			files = (
			);
			runOnlyForDeploymentPostprocessing = 0;
		};
/* End PBXSourcesBuildPhase section */

/* Begin XCBuildConfiguration section */
		B643C5412F40651F009324F2 /* Debug */ = {
			isa = XCBuildConfiguration;
			buildSettings = {
				ALWAYS_SEARCH_USER_PATHS = NO;
				ASSETCATALOG_COMPILER_GENERATE_SWIFT_ASSET_SYMBOL_EXTENSIONS = YES;
				CLANG_ANALYZER_NONNULL = YES;
				CLANG_ANALYZER_NUMBER_OBJECT_CONVERSION = YES_AGGRESSIVE;
				CLANG_CXX_LANGUAGE_STANDARD = "gnu++20";
				CLANG_ENABLE_MODULES = YES;
				CLANG_ENABLE_OBJC_ARC = YES;
				CLANG_ENABLE_OBJC_WEAK = YES;
				CLANG_WARN_BLOCK_CAPTURE_AUTORELEASING = YES;
				CLANG_WARN_BOOL_CONVERSION = YES;
				CLANG_WARN_COMMA = YES;
				CLANG_WARN_CONSTANT_CONVERSION = YES;
				CLANG_WARN_DEPRECATED_OBJC_IMPLEMENTATIONS = YES;
				CLANG_WARN_DIRECT_OBJC_ISA_USAGE = YES_ERROR;
				CLANG_WARN_DOCUMENTATION_COMMENTS = YES;
				CLANG_WARN_EMPTY_BODY = YES;
				CLANG_WARN_ENUM_CONVERSION = YES;
				CLANG_WARN_INFINITE_RECURSION = YES;
				CLANG_WARN_INT_CONVERSION = YES;
				CLANG_WARN_NON_LITERAL_NULL_CONVERSION = YES;
				CLANG_WARN_OBJC_IMPLICIT_RETAIN_SELF = YES;
				CLANG_WARN_OBJC_LITERAL_CONVERSION = YES;
				CLANG_WARN_OBJC_ROOT_CLASS = YES_ERROR;
				CLANG_WARN_QUOTED_INCLUDE_IN_FRAMEWORK_HEADER = YES;
				CLANG_WARN_RANGE_LOOP_ANALYSIS = YES;
				CLANG_WARN_STRICT_PROTOTYPES = YES;
				CLANG_WARN_SUSPICIOUS_MOVE = YES;
				CLANG_WARN_UNGUARDED_AVAILABILITY = YES_AGGRESSIVE;
				CLANG_WARN_UNREACHABLE_CODE = YES;
				CLANG_WARN__DUPLICATE_METHOD_MATCH = YES;
				COPY_PHASE_STRIP = NO;
				DEBUG_INFORMATION_FORMAT = dwarf;
				DEVELOPMENT_TEAM = 5UJL58M7XY;
				ENABLE_STRICT_OBJC_MSGSEND = YES;
				ENABLE_TESTABILITY = YES;
				ENABLE_USER_SCRIPT_SANDBOXING = YES;
				GCC_C_LANGUAGE_STANDARD = gnu17;
				GCC_DYNAMIC_NO_PIC = NO;
				GCC_NO_COMMON_BLOCKS = YES;
				GCC_OPTIMIZATION_LEVEL = 0;
				GCC_PREPROCESSOR_DEFINITIONS = (
					"DEBUG=1",
					"$(inherited)",
				);
				GCC_WARN_64_TO_32_BIT_CONVERSION = YES;
				GCC_WARN_ABOUT_RETURN_TYPE = YES_ERROR;
				GCC_WARN_UNDECLARED_SELECTOR = YES;
				GCC_WARN_UNINITIALIZED_AUTOS = YES_AGGRESSIVE;
				GCC_WARN_UNUSED_FUNCTION = YES;
				GCC_WARN_UNUSED_VARIABLE = YES;
				IPHONEOS_DEPLOYMENT_TARGET = 26.0;
				LOCALIZATION_PREFERS_STRING_CATALOGS = YES;
				MTL_ENABLE_DEBUG_INFO = INCLUDE_SOURCE;
				MTL_FAST_MATH = YES;
				ONLY_ACTIVE_ARCH = YES;
				SDKROOT = iphoneos;
				SWIFT_ACTIVE_COMPILATION_CONDITIONS = "DEBUG $(inherited)";
				SWIFT_OPTIMIZATION_LEVEL = "-Onone";
			};
			name = Debug;
		};
		B643C5422F40651F009324F2 /* Release */ = {
			isa = XCBuildConfiguration;
			buildSettings = {
				ALWAYS_SEARCH_USER_PATHS = NO;
				ASSETCATALOG_COMPILER_GENERATE_SWIFT_ASSET_SYMBOL_EXTENSIONS = YES;
				CLANG_ANALYZER_NONNULL = YES;
				CLANG_ANALYZER_NUMBER_OBJECT_CONVERSION = YES_AGGRESSIVE;
				CLANG_CXX_LANGUAGE_STANDARD = "gnu++20";
				CLANG_ENABLE_MODULES = YES;
				CLANG_ENABLE_OBJC_ARC = YES;
				CLANG_ENABLE_OBJC_WEAK = YES;
				CLANG_WARN_BLOCK_CAPTURE_AUTORELEASING = YES;
				CLANG_WARN_BOOL_CONVERSION = YES;
				CLANG_WARN_COMMA = YES;
				CLANG_WARN_CONSTANT_CONVERSION = YES;
				CLANG_WARN_DEPRECATED_OBJC_IMPLEMENTATIONS = YES;
				CLANG_WARN_DIRECT_OBJC_ISA_USAGE = YES_ERROR;
				CLANG_WARN_DOCUMENTATION_COMMENTS = YES;
				CLANG_WARN_EMPTY_BODY = YES;
				CLANG_WARN_ENUM_CONVERSION = YES;
				CLANG_WARN_INFINITE_RECURSION = YES;
				CLANG_WARN_INT_CONVERSION = YES;
				CLANG_WARN_NON_LITERAL_NULL_CONVERSION = YES;
				CLANG_WARN_OBJC_IMPLICIT_RETAIN_SELF = YES;
				CLANG_WARN_OBJC_LITERAL_CONVERSION = YES;
				CLANG_WARN_OBJC_ROOT_CLASS = YES_ERROR;
				CLANG_WARN_QUOTED_INCLUDE_IN_FRAMEWORK_HEADER = YES;
				CLANG_WARN_RANGE_LOOP_ANALYSIS = YES;
				CLANG_WARN_STRICT_PROTOTYPES = YES;
				CLANG_WARN_SUSPICIOUS_MOVE = YES;
				CLANG_WARN_UNGUARDED_AVAILABILITY = YES_AGGRESSIVE;
				CLANG_WARN_UNREACHABLE_CODE = YES;
				CLANG_WARN__DUPLICATE_METHOD_MATCH = YES;
				COPY_PHASE_STRIP = NO;
				DEBUG_INFORMATION_FORMAT = "dwarf-with-dsym";
				DEVELOPMENT_TEAM = 5UJL58M7XY;
				ENABLE_NS_ASSERTIONS = NO;
				ENABLE_STRICT_OBJC_MSGSEND = YES;
				ENABLE_USER_SCRIPT_SANDBOXING = YES;
				GCC_C_LANGUAGE_STANDARD = gnu17;
				GCC_NO_COMMON_BLOCKS = YES;
				GCC_WARN_64_TO_32_BIT_CONVERSION = YES;
				GCC_WARN_ABOUT_RETURN_TYPE = YES_ERROR;
				GCC_WARN_UNDECLARED_SELECTOR = YES;
				GCC_WARN_UNINITIALIZED_AUTOS = YES_AGGRESSIVE;
				GCC_WARN_UNUSED_FUNCTION = YES;
				GCC_WARN_UNUSED_VARIABLE = YES;
				IPHONEOS_DEPLOYMENT_TARGET = 26.0;
				LOCALIZATION_PREFERS_STRING_CATALOGS = YES;
				MTL_ENABLE_DEBUG_INFO = NO;
				MTL_FAST_MATH = YES;
				SDKROOT = iphoneos;
				SWIFT_COMPILATION_MODE = wholemodule;
				VALIDATE_PRODUCT = YES;
			};
			name = Release;
		};
		B643C5442F40651F009324F2 /* Debug */ = {
			isa = XCBuildConfiguration;
			buildSettings = {
				ASSETCATALOG_COMPILER_APPICON_NAME = AppIcon;
				ASSETCATALOG_COMPILER_GLOBAL_ACCENT_COLOR_NAME = AccentColor;
				CODE_SIGN_ENTITLEMENTS = CYT/CYT.entitlements;
				CODE_SIGN_STYLE = Automatic;
				CURRENT_PROJECT_VERSION = 1;
				DEVELOPMENT_TEAM = 5UJL58M7XY;
				ENABLE_PREVIEWS = YES;
				GENERATE_INFOPLIST_FILE = YES;
				INFOPLIST_KEY_CFBundleDisplayName = TreeHacks2026;
				INFOPLIST_KEY_NSCameraUsageDescription = "We need to see that pretty face magic pal";
				INFOPLIST_KEY_NSHealthClinicalHealthRecordsShareUsageDescription = "Need your sweet data";
				INFOPLIST_KEY_NSHealthShareUsageDescription = "To provide personalized insights based on your heart rate from Apple Watch.";
				INFOPLIST_KEY_UIApplicationSceneManifest_Generation = YES;
				INFOPLIST_KEY_UIApplicationSupportsIndirectInputEvents = YES;
				INFOPLIST_KEY_UILaunchScreen_Generation = YES;
				INFOPLIST_KEY_UISupportedInterfaceOrientations_iPad = "UIInterfaceOrientationPortrait UIInterfaceOrientationPortraitUpsideDown UIInterfaceOrientationLandscapeLeft UIInterfaceOrientationLandscapeRight";
				INFOPLIST_KEY_UISupportedInterfaceOrientations_iPhone = "UIInterfaceOrientationPortrait UIInterfaceOrientationLandscapeLeft UIInterfaceOrientationLandscapeRight";
				IPHONEOS_DEPLOYMENT_TARGET = 26.0;
				LD_RUNPATH_SEARCH_PATHS = (
					"$(inherited)",
					"@executable_path/Frameworks",
				);
				MARKETING_VERSION = 1.0;
				PRODUCT_BUNDLE_IDENTIFIER = com.camysoftworks.dev.CTY;
				PRODUCT_NAME = "$(TARGET_NAME)";
				STRING_CATALOG_GENERATE_SYMBOLS = YES;
				SWIFT_APPROACHABLE_CONCURRENCY = YES;
				SWIFT_DEFAULT_ACTOR_ISOLATION = MainActor;
				SWIFT_EMIT_LOC_STRINGS = YES;
				SWIFT_UPCOMING_FEATURE_MEMBER_IMPORT_VISIBILITY = YES;
				SWIFT_VERSION = 5.0;
				TARGETED_DEVICE_FAMILY = "1,2";
			};
			name = Debug;
		};
		B643C5452F40651F009324F2 /* Release */ = {
			isa = XCBuildConfiguration;
			buildSettings = {
				ASSETCATALOG_COMPILER_APPICON_NAME = AppIcon;
				ASSETCATALOG_COMPILER_GLOBAL_ACCENT_COLOR_NAME = AccentColor;
				CODE_SIGN_ENTITLEMENTS = CYT/CYT.entitlements;
				CODE_SIGN_STYLE = Automatic;
				CURRENT_PROJECT_VERSION = 1;
				DEVELOPMENT_TEAM = 5UJL58M7XY;
				ENABLE_PREVIEWS = YES;
				GENERATE_INFOPLIST_FILE = YES;
				INFOPLIST_KEY_CFBundleDisplayName = TreeHacks2026;
				INFOPLIST_KEY_NSCameraUsageDescription = "We need to see that pretty face magic pal";
				INFOPLIST_KEY_NSHealthClinicalHealthRecordsShareUsageDescription = "Need your sweet data";
				INFOPLIST_KEY_NSHealthShareUsageDescription = "To provide personalized insights based on your heart rate from Apple Watch.";
				INFOPLIST_KEY_UIApplicationSceneManifest_Generation = YES;
				INFOPLIST_KEY_UIApplicationSupportsIndirectInputEvents = YES;
				INFOPLIST_KEY_UILaunchScreen_Generation = YES;
				INFOPLIST_KEY_UISupportedInterfaceOrientations_iPad = "UIInterfaceOrientationPortrait UIInterfaceOrientationPortraitUpsideDown UIInterfaceOrientationLandscapeLeft UIInterfaceOrientationLandscapeRight";
				INFOPLIST_KEY_UISupportedInterfaceOrientations_iPhone = "UIInterfaceOrientationPortrait UIInterfaceOrientationLandscapeLeft UIInterfaceOrientationLandscapeRight";
				IPHONEOS_DEPLOYMENT_TARGET = 26.0;
				LD_RUNPATH_SEARCH_PATHS = (
					"$(inherited)",
					"@executable_path/Frameworks",
				);
				MARKETING_VERSION = 1.0;
				PRODUCT_BUNDLE_IDENTIFIER = com.camysoftworks.dev.CTY;
				PRODUCT_NAME = "$(TARGET_NAME)";
				STRING_CATALOG_GENERATE_SYMBOLS = YES;
				SWIFT_APPROACHABLE_CONCURRENCY = YES;
				SWIFT_DEFAULT_ACTOR_ISOLATION = MainActor;
				SWIFT_EMIT_LOC_STRINGS = YES;
				SWIFT_UPCOMING_FEATURE_MEMBER_IMPORT_VISIBILITY = YES;
				SWIFT_VERSION = 5.0;
				TARGETED_DEVICE_FAMILY = "1,2";
			};
			name = Release;
		};
/* End XCBuildConfiguration section */

/* Begin XCConfigurationList section */
		B643C5332F40651E009324F2 /* Build configuration list for PBXProject "CYT" */ = {
			isa = XCConfigurationList;
			buildConfigurations = (
				B643C5412F40651F009324F2 /* Debug */,
				B643C5422F40651F009324F2 /* Release */,
			);
			defaultConfigurationIsVisible = 0;
			defaultConfigurationName = Release;
		};
		B643C5432F40651F009324F2 /* Build configuration list for PBXNativeTarget "CYT" */ = {
			isa = XCConfigurationList;
			buildConfigurations = (
				B643C5442F40651F009324F2 /* Debug */,
				B643C5452F40651F009324F2 /* Release */,
			);
			defaultConfigurationIsVisible = 0;
			defaultConfigurationName = Release;
		};
/* End XCConfigurationList section */

/* Begin XCRemoteSwiftPackageReference section */
		B61D65652F4072E40024E69A /* XCRemoteSwiftPackageReference "mlx-swift" */ = {
			isa = XCRemoteSwiftPackageReference;
			repositoryURL = "https://github.com/ml-explore/mlx-swift.git";
			requirement = {
				kind = upToNextMajorVersion;
				minimumVersion = 0.25.6;
			};
		};
		B61D65662F4072FF0024E69A /* XCRemoteSwiftPackageReference "swift-collections" */ = {
			isa = XCRemoteSwiftPackageReference;
			repositoryURL = "https://github.com/apple/swift-collections.git";
			requirement = {
				kind = upToNextMajorVersion;
				minimumVersion = 1.3.0;
			};
		};
		B61D65672F40730E0024E69A /* XCRemoteSwiftPackageReference "swift-argument-parser" */ = {
			isa = XCRemoteSwiftPackageReference;
			repositoryURL = "https://github.com/apple/swift-argument-parser.git";
			requirement = {
				kind = upToNextMajorVersion;
				minimumVersion = 1.7.0;
			};
		};
		B61D656A2F4073400024E69A /* XCRemoteSwiftPackageReference "swift-transformers" */ = {
			isa = XCRemoteSwiftPackageReference;
			repositoryURL = "https://github.com/huggingface/swift-transformers";
			requirement = {
				kind = upToNextMajorVersion;
				minimumVersion = 1.1.6;
			};
		};
		B61D65B22F4074920024E69A /* XCRemoteSwiftPackageReference "mlx-swift-lm" */ = {
			isa = XCRemoteSwiftPackageReference;
			repositoryURL = "https://github.com/ml-explore/mlx-swift-lm/";
			requirement = {
				kind = upToNextMajorVersion;
				minimumVersion = 2.30.3;
			};
		};
		B637F54F2F417314009D9660 /* XCRemoteSwiftPackageReference "FluidAudio" */ = {
			isa = XCRemoteSwiftPackageReference;
			repositoryURL = "https://github.com/FluidInference/FluidAudio";
			requirement = {
				branch = main;
				kind = branch;
			};
		};
/* End XCRemoteSwiftPackageReference section */

/* Begin XCSwiftPackageProductDependency section */
		B61D65682F40730E0024E69A /* ArgumentParser */ = {
			isa = XCSwiftPackageProductDependency;
			package = B61D65672F40730E0024E69A /* XCRemoteSwiftPackageReference "swift-argument-parser" */;
			productName = ArgumentParser;
		};
		B61D656B2F4073400024E69A /* Transformers */ = {
			isa = XCSwiftPackageProductDependency;
			package = B61D656A2F4073400024E69A /* XCRemoteSwiftPackageReference "swift-transformers" */;
			productName = Transformers;
		};
		B61D656E2F40739D0024E69A /* MLX */ = {
			isa = XCSwiftPackageProductDependency;
			package = B61D65652F4072E40024E69A /* XCRemoteSwiftPackageReference "mlx-swift" */;
			productName = MLX;
		};
		B61D65702F40739D0024E69A /* MLXOptimizers */ = {
			isa = XCSwiftPackageProductDependency;
			package = B61D65652F4072E40024E69A /* XCRemoteSwiftPackageReference "mlx-swift" */;
			productName = MLXOptimizers;
		};
		B61D65722F4073F50024E69A /* MLXRandom */ = {
			isa = XCSwiftPackageProductDependency;
			package = B61D65652F4072E40024E69A /* XCRemoteSwiftPackageReference "mlx-swift" */;
			productName = MLXRandom;
		};
		B61D65B32F4074920024E69A /* MLXEmbedders */ = {
			isa = XCSwiftPackageProductDependency;
			package = B61D65B22F4074920024E69A /* XCRemoteSwiftPackageReference "mlx-swift-lm" */;
			productName = MLXEmbedders;
		};
		B61D65B52F4074920024E69A /* MLXLLM */ = {
			isa = XCSwiftPackageProductDependency;
			package = B61D65B22F4074920024E69A /* XCRemoteSwiftPackageReference "mlx-swift-lm" */;
			productName = MLXLLM;
		};
		B61D65B72F4074920024E69A /* MLXLMCommon */ = {
			isa = XCSwiftPackageProductDependency;
			package = B61D65B22F4074920024E69A /* XCRemoteSwiftPackageReference "mlx-swift-lm" */;
			productName = MLXLMCommon;
		};
		B61D65B92F4074920024E69A /* MLXVLM */ = {
			isa = XCSwiftPackageProductDependency;
			package = B61D65B22F4074920024E69A /* XCRemoteSwiftPackageReference "mlx-swift-lm" */;
			productName = MLXVLM;
		};
		B61D65BB2F4075D40024E69A /* MLXFast */ = {
			isa = XCSwiftPackageProductDependency;
			package = B61D65652F4072E40024E69A /* XCRemoteSwiftPackageReference "mlx-swift" */;
			productName = MLXFast;
		};
		B637F5502F417314009D9660 /* FluidAudio */ = {
			isa = XCSwiftPackageProductDependency;
			package = B637F54F2F417314009D9660 /* XCRemoteSwiftPackageReference "FluidAudio" */;
			productName = FluidAudio;
		};
		B637F5522F417314009D9660 /* FluidAudioEspeak */ = {
			isa = XCSwiftPackageProductDependency;
			package = B637F54F2F417314009D9660 /* XCRemoteSwiftPackageReference "FluidAudio" */;
			productName = FluidAudioEspeak;
		};
/* End XCSwiftPackageProductDependency section */
	};
	rootObject = B643C5302F40651E009324F2 /* Project object */;
}
